
Microsoft Visual Studio Solution File, Format Version 12.00
# Visual Studio Version 17
VisualStudioVersion = 17.6.33829.357
MinimumVisualStudioVersion = 10.0.40219.1
Project("{FAE04EC0-301F-11D3-BF4B-00C04F79EFBC}") = "C-Sharp-Đăngkymonhoc", "C-Sharp-Đăngkymonhoc.csproj", "{5298C138-28C5-4433-AF5C-DB45D35927D3}"
EndProject
Global
	GlobalSection(SolutionConfigurationPlatforms) = preSolution
		Debug|Any CPU = Debug|Any CPU
		Release|Any CPU = Release|Any CPU
	EndGlobalSection
	GlobalSection(ProjectConfigurationPlatforms) = postSolution
		{5298C138-28C5-4433-AF5C-DB45D35927D3}.Debug|Any CPU.ActiveCfg = Debug|Any CPU
		{5298C138-28C5-4433-AF5C-DB45D35927D3}.Debug|Any CPU.Build.0 = Debug|Any CPU
		{5298C138-28C5-4433-AF5C-DB45D35927D3}.Release|Any CPU.ActiveCfg = Release|Any CPU
		{5298C138-28C5-4433-AF5C-DB45D35927D3}.Release|Any CPU.Build.0 = Release|Any CPU
	EndGlobalSection
	GlobalSection(SolutionProperties) = preSolution
		HideSolutionNode = FALSE
	EndGlobalSection
	GlobalSection(ExtensibilityGlobals) = postSolution
		SolutionGuid = {E2CF48FC-A68F-42DA-8798-C235B2E0036E}
	EndGlobalSection
EndGlobal
